// !$*UTF8*$!
{
	archiveVersion = 1;
	classes = {
	};
	objectVersion = 46;
	objects = {

/* Begin PBXBuildFile section */
		B432556F1F4E0D85006A16EE /* AppDelegate.swift in Sources */ = {isa = PBXBuildFile; fileRef = B432556E1F4E0D85006A16EE /* AppDelegate.swift */; };
		B43255711F4E0D85006A16EE /* ViewController.swift in Sources */ = {isa = PBXBuildFile; fileRef = B43255701F4E0D85006A16EE /* ViewController.swift */; };
		B43255741F4E0D85006A16EE /* Main.storyboard in Resources */ = {isa = PBXBuildFile; fileRef = B43255721F4E0D85006A16EE /* Main.storyboard */; };
		B43255761F4E0D86006A16EE /* Assets.xcassets in Resources */ = {isa = PBXBuildFile; fileRef = B43255751F4E0D86006A16EE /* Assets.xcassets */; };
		B43255791F4E0D86006A16EE /* LaunchScreen.storyboard in Resources */ = {isa = PBXBuildFile; fileRef = B43255771F4E0D86006A16EE /* LaunchScreen.storyboard */; };
		B43255821F4E0E60006A16EE /* DGTopMenu.swift in Sources */ = {isa = PBXBuildFile; fileRef = B43255811F4E0E60006A16EE /* DGTopMenu.swift */; };
		B43255841F4E1060006A16EE /* DGTopMenuNavigationController.swift in Sources */ = {isa = PBXBuildFile; fileRef = B43255831F4E1060006A16EE /* DGTopMenuNavigationController.swift */; };
		B43255871F4E1737006A16EE /* CustomNavigationViewController.swift in Sources */ = {isa = PBXBuildFile; fileRef = B43255861F4E1737006A16EE /* CustomNavigationViewController.swift */; };
		B43255891F4E18FB006A16EE /* TopMenuTableViewController.swift in Sources */ = {isa = PBXBuildFile; fileRef = B43255881F4E18FB006A16EE /* TopMenuTableViewController.swift */; };
		B432558B1F4E1AA0006A16EE /* Background.jpeg in Resources */ = {isa = PBXBuildFile; fileRef = B432558A1F4E1AA0006A16EE /* Background.jpeg */; };
		B432558E1F4E1B8B006A16EE /* SecondViewController.swift in Sources */ = {isa = PBXBuildFile; fileRef = B432558D1F4E1B8B006A16EE /* SecondViewController.swift */; };
		B43255901F4E1D07006A16EE /* ThirdViewController.swift in Sources */ = {isa = PBXBuildFile; fileRef = B432558F1F4E1D07006A16EE /* ThirdViewController.swift */; };
/* End PBXBuildFile section */

/* Begin PBXFileReference section */
		B432556B1F4E0D85006A16EE /* DGTopDownMenu.app */ = {isa = PBXFileReference; explicitFileType = wrapper.application; includeInIndex = 0; path = DGTopDownMenu.app; sourceTree = BUILT_PRODUCTS_DIR; };
		B432556E1F4E0D85006A16EE /* AppDelegate.swift */ = {isa = PBXFileReference; lastKnownFileType = sourcecode.swift; path = AppDelegate.swift; sourceTree = "<group>"; };
		B43255701F4E0D85006A16EE /* ViewController.swift */ = {isa = PBXFileReference; lastKnownFileType = sourcecode.swift; path = ViewController.swift; sourceTree = "<group>"; };
		B43255731F4E0D85006A16EE /* Base */ = {isa = PBXFileReference; lastKnownFileType = file.storyboard; name = Base; path = Base.lproj/Main.storyboard; sourceTree = "<group>"; };
		B43255751F4E0D86006A16EE /* Assets.xcassets */ = {isa = PBXFileReference; lastKnownFileType = folder.assetcatalog; path = Assets.xcassets; sourceTree = "<group>"; };
		B43255781F4E0D86006A16EE /* Base */ = {isa = PBXFileReference; lastKnownFileType = file.storyboard; name = Base; path = Base.lproj/LaunchScreen.storyboard; sourceTree = "<group>"; };
		B432557A1F4E0D86006A16EE /* Info.plist */ = {isa = PBXFileReference; lastKnownFileType = text.plist.xml; path = Info.plist; sourceTree = "<group>"; };
		B43255811F4E0E60006A16EE /* DGTopMenu.swift */ = {isa = PBXFileReference; fileEncoding = 4; lastKnownFileType = sourcecode.swift; path = DGTopMenu.swift; sourceTree = "<group>"; };
		B43255831F4E1060006A16EE /* DGTopMenuNavigationController.swift */ = {isa = PBXFileReference; fileEncoding = 4; lastKnownFileType = sourcecode.swift; path = DGTopMenuNavigationController.swift; sourceTree = "<group>"; };
		B43255861F4E1737006A16EE /* CustomNavigationViewController.swift */ = {isa = PBXFileReference; fileEncoding = 4; lastKnownFileType = sourcecode.swift; path = CustomNavigationViewController.swift; sourceTree = "<group>"; };
		B43255881F4E18FB006A16EE /* TopMenuTableViewController.swift */ = {isa = PBXFileReference; fileEncoding = 4; lastKnownFileType = sourcecode.swift; path = TopMenuTableViewController.swift; sourceTree = "<group>"; };
		B432558A1F4E1AA0006A16EE /* Background.jpeg */ = {isa = PBXFileReference; lastKnownFileType = image.jpeg; path = Background.jpeg; sourceTree = "<group>"; };
		B432558D1F4E1B8B006A16EE /* SecondViewController.swift */ = {isa = PBXFileReference; fileEncoding = 4; lastKnownFileType = sourcecode.swift; path = SecondViewController.swift; sourceTree = "<group>"; };
		B432558F1F4E1D07006A16EE /* ThirdViewController.swift */ = {isa = PBXFileReference; fileEncoding = 4; lastKnownFileType = sourcecode.swift; path = ThirdViewController.swift; sourceTree = "<group>"; };
/* End PBXFileReference section */

/* Begin PBXFrameworksBuildPhase section */
		B43255681F4E0D85006A16EE /* Frameworks */ = {
			isa = PBXFrameworksBuildPhase;
			buildActionMask = 2147483647;
			files = (
			);
			runOnlyForDeploymentPostprocessing = 0;
		};
/* End PBXFrameworksBuildPhase section */

/* Begin PBXGroup section */
		B43255621F4E0D85006A16EE = {
			isa = PBXGroup;
			children = (
				B432556D1F4E0D85006A16EE /* DGTopDownMenu */,
				B432556C1F4E0D85006A16EE /* Products */,
			);
			sourceTree = "<group>";
		};
		B432556C1F4E0D85006A16EE /* Products */ = {
			isa = PBXGroup;
			children = (
				B432556B1F4E0D85006A16EE /* DGTopDownMenu.app */,
			);
			name = Products;
			sourceTree = "<group>";
		};
		B432556D1F4E0D85006A16EE /* DGTopDownMenu */ = {
			isa = PBXGroup;
			children = (
				B43255851F4E16EC006A16EE /* CustomNavigationControllerForMenuView */,
				B43255801F4E0DDE006A16EE /* DGLibrary */,
				B432556E1F4E0D85006A16EE /* AppDelegate.swift */,
				B432558C1F4E1ABB006A16EE /* ViewControllers */,
				B43255721F4E0D85006A16EE /* Main.storyboard */,
				B43255751F4E0D86006A16EE /* Assets.xcassets */,
				B432558A1F4E1AA0006A16EE /* Background.jpeg */,
				B43255771F4E0D86006A16EE /* LaunchScreen.storyboard */,
				B432557A1F4E0D86006A16EE /* Info.plist */,
			);
			path = DGTopDownMenu;
			sourceTree = "<group>";
		};
		B43255801F4E0DDE006A16EE /* DGLibrary */ = {
			isa = PBXGroup;
			children = (
				B43255811F4E0E60006A16EE /* DGTopMenu.swift */,
				B43255831F4E1060006A16EE /* DGTopMenuNavigationController.swift */,
			);
			name = DGLibrary;
			sourceTree = "<group>";
		};
		B43255851F4E16EC006A16EE /* CustomNavigationControllerForMenuView */ = {
			isa = PBXGroup;
			children = (
				B43255861F4E1737006A16EE /* CustomNavigationViewController.swift */,
				B43255881F4E18FB006A16EE /* TopMenuTableViewController.swift */,
			);
			name = CustomNavigationControllerForMenuView;
			sourceTree = "<group>";
		};
		B432558C1F4E1ABB006A16EE /* ViewControllers */ = {
			isa = PBXGroup;
			children = (
				B43255701F4E0D85006A16EE /* ViewController.swift */,
				B432558D1F4E1B8B006A16EE /* SecondViewController.swift */,
				B432558F1F4E1D07006A16EE /* ThirdViewController.swift */,
			);
			name = ViewControllers;
			sourceTree = "<group>";
		};
/* End PBXGroup section */

/* Begin PBXNativeTarget section */
		B432556A1F4E0D85006A16EE /* DGTopDownMenu */ = {
			isa = PBXNativeTarget;
			buildConfigurationList = B432557D1F4E0D86006A16EE /* Build configuration list for PBXNativeTarget "DGTopDownMenu" */;
			buildPhases = (
				B43255671F4E0D85006A16EE /* Sources */,
				B43255681F4E0D85006A16EE /* Frameworks */,
				B43255691F4E0D85006A16EE /* Resources */,
			);
			buildRules = (
			);
			dependencies = (
			);
			name = DGTopDownMenu;
			productName = DGTopDownMenu;
			productReference = B432556B1F4E0D85006A16EE /* DGTopDownMenu.app */;
			productType = "com.apple.product-type.application";
		};
/* End PBXNativeTarget section */

/* Begin PBXProject section */
		B43255631F4E0D85006A16EE /* Project object */ = {
			isa = PBXProject;
			attributes = {
				LastSwiftUpdateCheck = 0830;
				LastUpgradeCheck = 0830;
				ORGANIZATIONNAME = "Diwakar Garg";
				TargetAttributes = {
					B432556A1F4E0D85006A16EE = {
						CreatedOnToolsVersion = 8.3.3;
						ProvisioningStyle = Automatic;
					};
				};
			};
			buildConfigurationList = B43255661F4E0D85006A16EE /* Build configuration list for PBXProject "DGTopDownMenu" */;
			compatibilityVersion = "Xcode 3.2";
			developmentRegion = English;
			hasScannedForEncodings = 0;
			knownRegions = (
				en,
				Base,
			);
			mainGroup = B43255621F4E0D85006A16EE;
			productRefGroup = B432556C1F4E0D85006A16EE /* Products */;
			projectDirPath = "";
			projectRoot = "";
			targets = (
				B432556A1F4E0D85006A16EE /* DGTopDownMenu */,
			);
		};
/* End PBXProject section */

/* Begin PBXResourcesBuildPhase section */
		B43255691F4E0D85006A16EE /* Resources */ = {
			isa = PBXResourcesBuildPhase;
			buildActionMask = 2147483647;
			files = (
				B43255791F4E0D86006A16EE /* LaunchScreen.storyboard in Resources */,
				B43255761F4E0D86006A16EE /* Assets.xcassets in Resources */,
				B432558B1F4E1AA0006A16EE /* Background.jpeg in Resources */,
				B43255741F4E0D85006A16EE /* Main.storyboard in Resources */,
			);
			runOnlyForDeploymentPostprocessing = 0;
		};
/* End PBXResourcesBuildPhase section */

/* Begin PBXSourcesBuildPhase section */
		B43255671F4E0D85006A16EE /* Sources */ = {
			isa = PBXSourcesBuildPhase;
			buildActionMask = 2147483647;
			files = (
				B43255891F4E18FB006A16EE /* TopMenuTableViewController.swift in Sources */,
				B43255711F4E0D85006A16EE /* ViewController.swift in Sources */,
				B43255871F4E1737006A16EE /* CustomNavigationViewController.swift in Sources */,
				B43255841F4E1060006A16EE /* DGTopMenuNavigationController.swift in Sources */,
				B432558E1F4E1B8B006A16EE /* SecondViewController.swift in Sources */,
				B43255821F4E0E60006A16EE /* DGTopMenu.swift in Sources */,
				B43255901F4E1D07006A16EE /* ThirdViewController.swift in Sources */,
				B432556F1F4E0D85006A16EE /* AppDelegate.swift in Sources */,
			);
			runOnlyForDeploymentPostprocessing = 0;
		};
/* End PBXSourcesBuildPhase section */

/* Begin PBXVariantGroup section */
		B43255721F4E0D85006A16EE /* Main.storyboard */ = {
			isa = PBXVariantGroup;
			children = (
				B43255731F4E0D85006A16EE /* Base */,
			);
			name = Main.storyboard;
			sourceTree = "<group>";
		};
		B43255771F4E0D86006A16EE /* LaunchScreen.storyboard */ = {
			isa = PBXVariantGroup;
			children = (
				B43255781F4E0D86006A16EE /* Base */,
			);
			name = LaunchScreen.storyboard;
			sourceTree = "<group>";
		};
/* End PBXVariantGroup section */

/* Begin XCBuildConfiguration section */
		B432557B1F4E0D86006A16EE /* Debug */ = {
			isa = XCBuildConfiguration;
			buildSettings = {
				ALWAYS_SEARCH_USER_PATHS = NO;
				CLANG_ANALYZER_NONNULL = YES;
				CLANG_ANALYZER_NUMBER_OBJECT_CONVERSION = YES_AGGRESSIVE;
				CLANG_CXX_LANGUAGE_STANDARD = "gnu++0x";
				CLANG_CXX_LIBRARY = "libc++";
				CLANG_ENABLE_MODULES = YES;
				CLANG_ENABLE_OBJC_ARC = YES;
				CLANG_WARN_BOOL_CONVERSION = YES;
				CLANG_WARN_CONSTANT_CONVERSION = YES;
				CLANG_WARN_DIRECT_OBJC_ISA_USAGE = YES_ERROR;
				CLANG_WARN_DOCUMENTATION_COMMENTS = YES;
				CLANG_WARN_EMPTY_BODY = YES;
				CLANG_WARN_ENUM_CONVERSION = YES;
				CLANG_WARN_INFINITE_RECURSION = YES;
				CLANG_WARN_INT_CONVERSION = YES;
				CLANG_WARN_OBJC_ROOT_CLASS = YES_ERROR;
				CLANG_WARN_SUSPICIOUS_MOVE = YES;
				CLANG_WARN_UNREACHABLE_CODE = YES;
				CLANG_WARN__DUPLICATE_METHOD_MATCH = YES;
				"CODE_SIGN_IDENTITY[sdk=iphoneos*]" = "iPhone Developer";
				COPY_PHASE_STRIP = NO;
				DEBUG_INFORMATION_FORMAT = dwarf;
				ENABLE_STRICT_OBJC_MSGSEND = YES;
				ENABLE_TESTABILITY = YES;
				GCC_C_LANGUAGE_STANDARD = gnu99;
				GCC_DYNAMIC_NO_PIC = NO;
				GCC_NO_COMMON_BLOCKS = YES;
				GCC_OPTIMIZATION_LEVEL = 0;
				GCC_PREPROCESSOR_DEFINITIONS = (
					"DEBUG=1",
					"$(inherited)",
				);
				GCC_WARN_64_TO_32_BIT_CONVERSION = YES;
				GCC_WARN_ABOUT_RETURN_TYPE = YES_ERROR;
				GCC_WARN_UNDECLARED_SELECTOR = YES;
				GCC_WARN_UNINITIALIZED_AUTOS = YES_AGGRESSIVE;
				GCC_WARN_UNUSED_FUNCTION = YES;
				GCC_WARN_UNUSED_VARIABLE = YES;
				IPHONEOS_DEPLOYMENT_TARGET = 10.3;
				MTL_ENABLE_DEBUG_INFO = YES;
				ONLY_ACTIVE_ARCH = YES;
				SDKROOT = iphoneos;
				SWIFT_ACTIVE_COMPILATION_CONDITIONS = DEBUG;
				SWIFT_OPTIMIZATION_LEVEL = "-Onone";
				TARGETED_DEVICE_FAMILY = "1,2";
			};
			name = Debug;
		};
		B432557C1F4E0D86006A16EE /* Release */ = {
			isa = XCBuildConfiguration;
			buildSettings = {
				ALWAYS_SEARCH_USER_PATHS = NO;
				CLANG_ANALYZER_NONNULL = YES;
				CLANG_ANALYZER_NUMBER_OBJECT_CONVERSION = YES_AGGRESSIVE;
				CLANG_CXX_LANGUAGE_STANDARD = "gnu++0x";
				CLANG_CXX_LIBRARY = "libc++";
				CLANG_ENABLE_MODULES = YES;
				CLANG_ENABLE_OBJC_ARC = YES;
				CLANG_WARN_BOOL_CONVERSION = YES;
				CLANG_WARN_CONSTANT_CONVERSION = YES;
				CLANG_WARN_DIRECT_OBJC_ISA_USAGE = YES_ERROR;
				CLANG_WARN_DOCUMENTATION_COMMENTS = YES;
				CLANG_WARN_EMPTY_BODY = YES;
				CLANG_WARN_ENUM_CONVERSION = YES;
				CLANG_WARN_INFINITE_RECURSION = YES;
				CLANG_WARN_INT_CONVERSION = YES;
				CLANG_WARN_OBJC_ROOT_CLASS = YES_ERROR;
				CLANG_WARN_SUSPICIOUS_MOVE = YES;
				CLANG_WARN_UNREACHABLE_CODE = YES;
				CLANG_WARN__DUPLICATE_METHOD_MATCH = YES;
				"CODE_SIGN_IDENTITY[sdk=iphoneos*]" = "iPhone Developer";
				COPY_PHASE_STRIP = NO;
				DEBUG_INFORMATION_FORMAT = "dwarf-with-dsym";
				ENABLE_NS_ASSERTIONS = NO;
				ENABLE_STRICT_OBJC_MSGSEND = YES;
				GCC_C_LANGUAGE_STANDARD = gnu99;
				GCC_NO_COMMON_BLOCKS = YES;
				GCC_WARN_64_TO_32_BIT_CONVERSION = YES;
				GCC_WARN_ABOUT_RETURN_TYPE = YES_ERROR;
				GCC_WARN_UNDECLARED_SELECTOR = YES;
				GCC_WARN_UNINITIALIZED_AUTOS = YES_AGGRESSIVE;
				GCC_WARN_UNUSED_FUNCTION = YES;
				GCC_WARN_UNUSED_VARIABLE = YES;
				IPHONEOS_DEPLOYMENT_TARGET = 10.3;
				MTL_ENABLE_DEBUG_INFO = NO;
				SDKROOT = iphoneos;
				SWIFT_OPTIMIZATION_LEVEL = "-Owholemodule";
				TARGETED_DEVICE_FAMILY = "1,2";
				VALIDATE_PRODUCT = YES;
			};
			name = Release;
		};
		B432557E1F4E0D86006A16EE /* Debug */ = {
			isa = XCBuildConfiguration;
			buildSettings = {
				ASSETCATALOG_COMPILER_APPICON_NAME = AppIcon;
				INFOPLIST_FILE = DGTopDownMenu/Info.plist;
				LD_RUNPATH_SEARCH_PATHS = "$(inherited) @executable_path/Frameworks";
				PRODUCT_BUNDLE_IDENTIFIER = com.verificient.DGTopDownMenu;
				PRODUCT_NAME = "$(TARGET_NAME)";
				SWIFT_VERSION = 3.0;
			};
			name = Debug;
		};
		B432557F1F4E0D86006A16EE /* Release */ = {
			isa = XCBuildConfiguration;
			buildSettings = {
				ASSETCATALOG_COMPILER_APPICON_NAME = AppIcon;
				INFOPLIST_FILE = DGTopDownMenu/Info.plist;
				LD_RUNPATH_SEARCH_PATHS = "$(inherited) @executable_path/Frameworks";
				PRODUCT_BUNDLE_IDENTIFIER = com.verificient.DGTopDownMenu;
				PRODUCT_NAME = "$(TARGET_NAME)";
				SWIFT_VERSION = 3.0;
			};
			name = Release;
		};
/* End XCBuildConfiguration section */

/* Begin XCConfigurationList section */
		B43255661F4E0D85006A16EE /* Build configuration list for PBXProject "DGTopDownMenu" */ = {
			isa = XCConfigurationList;
			buildConfigurations = (
				B432557B1F4E0D86006A16EE /* Debug */,
				B432557C1F4E0D86006A16EE /* Release */,
			);
			defaultConfigurationIsVisible = 0;
			defaultConfigurationName = Release;
		};
		B432557D1F4E0D86006A16EE /* Build configuration list for PBXNativeTarget "DGTopDownMenu" */ = {
			isa = XCConfigurationList;
			buildConfigurations = (
				B432557E1F4E0D86006A16EE /* Debug */,
				B432557F1F4E0D86006A16EE /* Release */,
			);
			defaultConfigurationIsVisible = 0;
		};
/* End XCConfigurationList section */
	};
	rootObject = B43255631F4E0D85006A16EE /* Project object */;
}
